
Microsoft Visual Studio Solution File, Format Version 12.00
# Visual Studio 14
VisualStudioVersion = 14.0.25420.1
MinimumVisualStudioVersion = 10.0.40219.1
Project("{FAE04EC0-301F-11D3-BF4B-00C04F79EFBC}") = "Freedom.MarketDataCollection", "Freedom.MarketDataCollection\Freedom.MarketDataCollection.csproj", "{3529DCF2-9EF6-4D2E-80B4-D923211DC32D}"
EndProject
Project("{FAE04EC0-301F-11D3-BF4B-00C04F79EFBC}") = "Freedom.Backtesting", "Freedom.Backtesting\Freedom.Backtesting.csproj", "{D2399689-2661-46F5-91F0-6E8B72D87E33}"
EndProject
Project("{FAE04EC0-301F-11D3-BF4B-00C04F79EFBC}") = "Freedom.MarketDataImport", "Freedom.MarketDataImport\Freedom.MarketDataImport.csproj", "{74A16777-34DD-478E-A4C0-F081019E37B9}"
EndProject
Project("{FAE04EC0-301F-11D3-BF4B-00C04F79EFBC}") = "Freedom.SimulatorServices", "Freedom.SimulatorServices\Freedom.SimulatorServices.csproj", "{712E03A9-5414-4FC5-BB0E-30EF9C1D95EE}"
EndProject
Project("{FAE04EC0-301F-11D3-BF4B-00C04F79EFBC}") = "Freedom.Algorithms", "Freedom.Algorithms\Freedom.Algorithms.csproj", "{B7E36264-41F5-434F-940B-07979C2F271E}"
EndProject
Project("{FAE04EC0-301F-11D3-BF4B-00C04F79EFBC}") = "Freedom.Algorithms.Tests", "Freedom.Algorithms.Tests\Freedom.Algorithms.Tests.csproj", "{D0792798-9517-4482-93A6-7F0091452B73}"
EndProject
Project("{FAE04EC0-301F-11D3-BF4B-00C04F79EFBC}") = "Freedom.DataAccessLayer", "Freedom.DataAccessLayer\Freedom.DataAccessLayer.csproj", "{AF7316B6-376D-449A-816C-550DC56FFC96}"
EndProject
Project("{FAE04EC0-301F-11D3-BF4B-00C04F79EFBC}") = "Freedom.Broker", "Freedom.Broker\Freedom.Broker.csproj", "{9662EFF1-EF99-41F9-8B60-E711E0B4ED2B}"
EndProject
Global
	GlobalSection(SolutionConfigurationPlatforms) = preSolution
		Debug|Any CPU = Debug|Any CPU
		Release|Any CPU = Release|Any CPU
	EndGlobalSection
	GlobalSection(ProjectConfigurationPlatforms) = postSolution
		{3529DCF2-9EF6-4D2E-80B4-D923211DC32D}.Debug|Any CPU.ActiveCfg = Debug|Any CPU
		{3529DCF2-9EF6-4D2E-80B4-D923211DC32D}.Debug|Any CPU.Build.0 = Debug|Any CPU
		{3529DCF2-9EF6-4D2E-80B4-D923211DC32D}.Release|Any CPU.ActiveCfg = Release|Any CPU
		{3529DCF2-9EF6-4D2E-80B4-D923211DC32D}.Release|Any CPU.Build.0 = Release|Any CPU
		{D2399689-2661-46F5-91F0-6E8B72D87E33}.Debug|Any CPU.ActiveCfg = Debug|Any CPU
		{D2399689-2661-46F5-91F0-6E8B72D87E33}.Debug|Any CPU.Build.0 = Debug|Any CPU
		{D2399689-2661-46F5-91F0-6E8B72D87E33}.Release|Any CPU.ActiveCfg = Release|Any CPU
		{D2399689-2661-46F5-91F0-6E8B72D87E33}.Release|Any CPU.Build.0 = Release|Any CPU
		{74A16777-34DD-478E-A4C0-F081019E37B9}.Debug|Any CPU.ActiveCfg = Debug|Any CPU
		{74A16777-34DD-478E-A4C0-F081019E37B9}.Debug|Any CPU.Build.0 = Debug|Any CPU
		{74A16777-34DD-478E-A4C0-F081019E37B9}.Release|Any CPU.ActiveCfg = Release|Any CPU
		{74A16777-34DD-478E-A4C0-F081019E37B9}.Release|Any CPU.Build.0 = Release|Any CPU
		{712E03A9-5414-4FC5-BB0E-30EF9C1D95EE}.Debug|Any CPU.ActiveCfg = Debug|Any CPU
		{712E03A9-5414-4FC5-BB0E-30EF9C1D95EE}.Debug|Any CPU.Build.0 = Debug|Any CPU
		{712E03A9-5414-4FC5-BB0E-30EF9C1D95EE}.Release|Any CPU.ActiveCfg = Release|Any CPU
		{712E03A9-5414-4FC5-BB0E-30EF9C1D95EE}.Release|Any CPU.Build.0 = Release|Any CPU
		{B7E36264-41F5-434F-940B-07979C2F271E}.Debug|Any CPU.ActiveCfg = Debug|Any CPU
		{B7E36264-41F5-434F-940B-07979C2F271E}.Debug|Any CPU.Build.0 = Debug|Any CPU
		{B7E36264-41F5-434F-940B-07979C2F271E}.Release|Any CPU.ActiveCfg = Release|Any CPU
		{B7E36264-41F5-434F-940B-07979C2F271E}.Release|Any CPU.Build.0 = Release|Any CPU
		{D0792798-9517-4482-93A6-7F0091452B73}.Debug|Any CPU.ActiveCfg = Debug|Any CPU
		{D0792798-9517-4482-93A6-7F0091452B73}.Debug|Any CPU.Build.0 = Debug|Any CPU
		{D0792798-9517-4482-93A6-7F0091452B73}.Release|Any CPU.ActiveCfg = Release|Any CPU
		{D0792798-9517-4482-93A6-7F0091452B73}.Release|Any CPU.Build.0 = Release|Any CPU
		{AF7316B6-376D-449A-816C-550DC56FFC96}.Debug|Any CPU.ActiveCfg = Debug|Any CPU
		{AF7316B6-376D-449A-816C-550DC56FFC96}.Debug|Any CPU.Build.0 = Debug|Any CPU
		{AF7316B6-376D-449A-816C-550DC56FFC96}.Release|Any CPU.ActiveCfg = Release|Any CPU
		{AF7316B6-376D-449A-816C-550DC56FFC96}.Release|Any CPU.Build.0 = Release|Any CPU
		{9662EFF1-EF99-41F9-8B60-E711E0B4ED2B}.Debug|Any CPU.ActiveCfg = Debug|Any CPU
		{9662EFF1-EF99-41F9-8B60-E711E0B4ED2B}.Debug|Any CPU.Build.0 = Debug|Any CPU
		{9662EFF1-EF99-41F9-8B60-E711E0B4ED2B}.Release|Any CPU.ActiveCfg = Release|Any CPU
		{9662EFF1-EF99-41F9-8B60-E711E0B4ED2B}.Release|Any CPU.Build.0 = Release|Any CPU
	EndGlobalSection
	GlobalSection(SolutionProperties) = preSolution
		HideSolutionNode = FALSE
	EndGlobalSection
EndGlobal
